
Microsoft Visual Studio Solution File, Format Version 12.00
# Visual Studio 15
VisualStudioVersion = 15.0.28010.2050
MinimumVisualStudioVersion = 10.0.40219.1
Project("{FAE04EC0-301F-11D3-BF4B-00C04F79EFBC}") = "JavaScriptSample", "JavaScriptSample\JavaScriptSample.csproj", "{1D0D0376-BE4B-4E0E-8B15-19F08E38CFBC}"
EndProject
Global
	GlobalSection(SolutionConfigurationPlatforms) = preSolution
		Debug|Any CPU = Debug|Any CPU
		Release|Any CPU = Release|Any CPU
	EndGlobalSection
	GlobalSection(ProjectConfigurationPlatforms) = postSolution
		{1D0D0376-BE4B-4E0E-8B15-19F08E38CFBC}.Debug|Any CPU.ActiveCfg = Debug|Any CPU
		{1D0D0376-BE4B-4E0E-8B15-19F08E38CFBC}.Debug|Any CPU.Build.0 = Debug|Any CPU
		{1D0D0376-BE4B-4E0E-8B15-19F08E38CFBC}.Release|Any CPU.ActiveCfg = Release|Any CPU
		{1D0D0376-BE4B-4E0E-8B15-19F08E38CFBC}.Release|Any CPU.Build.0 = Release|Any CPU
	EndGlobalSection
	GlobalSection(SolutionProperties) = preSolution
		HideSolutionNode = FALSE
	EndGlobalSection
	GlobalSection(ExtensibilityGlobals) = postSolution
		SolutionGuid = {E2973236-A057-4FFF-8990-16E2D24FD27B}
	EndGlobalSection
EndGlobal
