
Microsoft Visual Studio Solution File, Format Version 12.00
# Visual Studio 15
VisualStudioVersion = 15.0.28010.2050
MinimumVisualStudioVersion = 10.0.40219.1
Project("{FAE04EC0-301F-11D3-BF4B-00C04F79EFBC}") = "MyFirstWebApp", "MyFirstWebApp\MyFirstWebApp.csproj", "{5CCCF760-F940-487F-9B02-EFE71D3C1D2F}"
EndProject
Global
	GlobalSection(SolutionConfigurationPlatforms) = preSolution
		Debug|Any CPU = Debug|Any CPU
		Release|Any CPU = Release|Any CPU
	EndGlobalSection
	GlobalSection(ProjectConfigurationPlatforms) = postSolution
		{5CCCF760-F940-487F-9B02-EFE71D3C1D2F}.Debug|Any CPU.ActiveCfg = Debug|Any CPU
		{5CCCF760-F940-487F-9B02-EFE71D3C1D2F}.Debug|Any CPU.Build.0 = Debug|Any CPU
		{5CCCF760-F940-487F-9B02-EFE71D3C1D2F}.Release|Any CPU.ActiveCfg = Release|Any CPU
		{5CCCF760-F940-487F-9B02-EFE71D3C1D2F}.Release|Any CPU.Build.0 = Release|Any CPU
	EndGlobalSection
	GlobalSection(SolutionProperties) = preSolution
		HideSolutionNode = FALSE
	EndGlobalSection
	GlobalSection(ExtensibilityGlobals) = postSolution
		SolutionGuid = {FDBBE694-635D-47A7-8668-3575F7311671}
	EndGlobalSection
EndGlobal
